
Microsoft Visual Studio Solution File, Format Version 9.00
# Visual Studio 2005
Project("{FAE04EC0-301F-11D3-BF4B-00C04F79EFBC}") = "Voronoi", "Voronoi\Voronoi.csproj", "{47235B82-398C-4953-96FC-E2C37DFA988F}"
EndProject
Global
	GlobalSection(SolutionConfigurationPlatforms) = preSolution
		Debug|Any CPU = Debug|Any CPU
		Release|Any CPU = Release|Any CPU
	EndGlobalSection
	GlobalSection(ProjectConfigurationPlatforms) = postSolution
		{47235B82-398C-4953-96FC-E2C37DFA988F}.Debug|Any CPU.ActiveCfg = Debug|Any CPU
		{47235B82-398C-4953-96FC-E2C37DFA988F}.Debug|Any CPU.Build.0 = Debug|Any CPU
		{47235B82-398C-4953-96FC-E2C37DFA988F}.Release|Any CPU.ActiveCfg = Release|Any CPU
		{47235B82-398C-4953-96FC-E2C37DFA988F}.Release|Any CPU.Build.0 = Release|Any CPU
	EndGlobalSection
	GlobalSection(SolutionProperties) = preSolution
		HideSolutionNode = FALSE
	EndGlobalSection
EndGlobal
